
Microsoft Visual Studio Solution File, Format Version 12.00
# Visual Studio Version 16
VisualStudioVersion = 16.0.31229.75
MinimumVisualStudioVersion = 10.0.40219.1
Project("{FAE04EC0-301F-11D3-BF4B-00C04F79EFBC}") = "KomodoInsDevTeamMgmtApp_Classes", "KomodoInsDevTeamMgmt_Classes\KomodoInsDevTeamMgmtApp_Classes.csproj", "{CDFB8587-110C-4B0A-BF11-880626BF4BEA}"
EndProject
Project("{FAE04EC0-301F-11D3-BF4B-00C04F79EFBC}") = "KomodoInsDevTeamMgmtApp_Repos", "KomodoInsDevTeamMgmtApp_Repos\KomodoInsDevTeamMgmtApp_Repos.csproj", "{D3C1D962-A505-47E7-B671-396292C7061A}"
EndProject
Project("{FAE04EC0-301F-11D3-BF4B-00C04F79EFBC}") = "KomodoInsDevTeamMgmgApp_UI", "KomodoInsDevTeamMgmgApp_UI\KomodoInsDevTeamMgmgApp_UI.csproj", "{43621451-3105-4C11-A494-86998C8DF384}"
EndProject
Global
	GlobalSection(SolutionConfigurationPlatforms) = preSolution
		Debug|Any CPU = Debug|Any CPU
		Release|Any CPU = Release|Any CPU
	EndGlobalSection
	GlobalSection(ProjectConfigurationPlatforms) = postSolution
		{CDFB8587-110C-4B0A-BF11-880626BF4BEA}.Debug|Any CPU.ActiveCfg = Debug|Any CPU
		{CDFB8587-110C-4B0A-BF11-880626BF4BEA}.Debug|Any CPU.Build.0 = Debug|Any CPU
		{CDFB8587-110C-4B0A-BF11-880626BF4BEA}.Release|Any CPU.ActiveCfg = Release|Any CPU
		{CDFB8587-110C-4B0A-BF11-880626BF4BEA}.Release|Any CPU.Build.0 = Release|Any CPU
		{D3C1D962-A505-47E7-B671-396292C7061A}.Debug|Any CPU.ActiveCfg = Debug|Any CPU
		{D3C1D962-A505-47E7-B671-396292C7061A}.Debug|Any CPU.Build.0 = Debug|Any CPU
		{D3C1D962-A505-47E7-B671-396292C7061A}.Release|Any CPU.ActiveCfg = Release|Any CPU
		{D3C1D962-A505-47E7-B671-396292C7061A}.Release|Any CPU.Build.0 = Release|Any CPU
		{43621451-3105-4C11-A494-86998C8DF384}.Debug|Any CPU.ActiveCfg = Debug|Any CPU
		{43621451-3105-4C11-A494-86998C8DF384}.Debug|Any CPU.Build.0 = Debug|Any CPU
		{43621451-3105-4C11-A494-86998C8DF384}.Release|Any CPU.ActiveCfg = Release|Any CPU
		{43621451-3105-4C11-A494-86998C8DF384}.Release|Any CPU.Build.0 = Release|Any CPU
	EndGlobalSection
	GlobalSection(SolutionProperties) = preSolution
		HideSolutionNode = FALSE
	EndGlobalSection
	GlobalSection(ExtensibilityGlobals) = postSolution
		SolutionGuid = {83C72732-002B-4DBB-A907-9C06983765EC}
	EndGlobalSection
EndGlobal
